# THIS IS AN AUTOGENERATED FILE. DO NOT EDIT THIS FILE DIRECTLY.
# yarn lockfile v1


"@babel/code-frame@^7.10.4":
  version "7.23.5"
  resolved "https://registry.npmmirror.com/@babel/code-frame/-/code-frame-7.23.5.tgz#9009b69a8c602293476ad598ff53e4562e15c244"
  integrity sha512-CgH3s1a96LipHCmSUmYFPwY7MNx8C3avkq7i4Wl3cfa662ldtUe4VM1TPXX70pfmrlWTb6jLqTYrZyT2ZTJBgA==
  dependencies:
    "@babel/highlight" "^7.23.4"
    chalk "^2.4.2"

"@babel/helper-validator-identifier@^7.22.20":
  version "7.22.20"
  resolved "https://registry.npmmirror.com/@babel/helper-validator-identifier/-/helper-validator-identifier-7.22.20.tgz#c4ae002c61d2879e724581d96665583dbc1dc0e0"
  integrity sha512-Y4OZ+ytlatR8AI+8KZfKuL5urKp7qey08ha31L8b3BwewJAoJamTzyvxPR/5D+KkdJCGPq/+8TukHBlY10FX9A==

"@babel/highlight@^7.23.4":
  version "7.23.4"
  resolved "https://registry.npmmirror.com/@babel/highlight/-/highlight-7.23.4.tgz#edaadf4d8232e1a961432db785091207ead0621b"
  integrity sha512-acGdbYSfp2WheJoJm/EBBBLh/ID8KDc64ISZ9DYtBmC8/Q204PZJLHyzeB5qMzJ5trcOkybd78M4x2KWsUq++A==
  dependencies:
    "@babel/helper-validator-identifier" "^7.22.20"
    chalk "^2.4.2"
    js-tokens "^4.0.0"

"@jridgewell/gen-mapping@^0.3.0":
  version "0.3.3"
  resolved "https://registry.npmmirror.com/@jridgewell/gen-mapping/-/gen-mapping-0.3.3.tgz#7e02e6eb5df901aaedb08514203b096614024098"
  integrity sha512-HLhSWOLRi875zjjMG/r+Nv0oCW8umGb0BgEhyX3dDX3egwZtB8PqLnjz3yedt8R5StBrzcg4aBpnh8UA9D1BoQ==
  dependencies:
    "@jridgewell/set-array" "^1.0.1"
    "@jridgewell/sourcemap-codec" "^1.4.10"
    "@jridgewell/trace-mapping" "^0.3.9"

"@jridgewell/resolve-uri@^3.1.0":
  version "3.1.1"
  resolved "https://registry.npmmirror.com/@jridgewell/resolve-uri/-/resolve-uri-3.1.1.tgz#c08679063f279615a3326583ba3a90d1d82cc721"
  integrity sha512-dSYZh7HhCDtCKm4QakX0xFpsRDqjjtZf/kjI/v3T3Nwt5r8/qz/M19F9ySyOqU94SXBmeG9ttTul+YnR4LOxFA==

"@jridgewell/set-array@^1.0.1":
  version "1.1.2"
  resolved "https://registry.npmmirror.com/@jridgewell/set-array/-/set-array-1.1.2.tgz#7c6cf998d6d20b914c0a55a91ae928ff25965e72"
  integrity sha512-xnkseuNADM0gt2bs+BvhO0p78Mk762YnZdsuzFV018NoG1Sj1SCQvpSqa7XUaTam5vAGasABV9qXASMKnFMwMw==

"@jridgewell/source-map@^0.3.3":
  version "0.3.5"
  resolved "https://registry.npmmirror.com/@jridgewell/source-map/-/source-map-0.3.5.tgz#a3bb4d5c6825aab0d281268f47f6ad5853431e91"
  integrity sha512-UTYAUj/wviwdsMfzoSJspJxbkH5o1snzwX0//0ENX1u/55kkZZkcTZP6u9bwKGkv+dkk9at4m1Cpt0uY80kcpQ==
  dependencies:
    "@jridgewell/gen-mapping" "^0.3.0"
    "@jridgewell/trace-mapping" "^0.3.9"

"@jridgewell/sourcemap-codec@^1.4.10", "@jridgewell/sourcemap-codec@^1.4.14":
  version "1.4.15"
  resolved "https://registry.npmmirror.com/@jridgewell/sourcemap-codec/-/sourcemap-codec-1.4.15.tgz#d7c6e6755c78567a951e04ab52ef0fd26de59f32"
  integrity sha512-eF2rxCRulEKXHTRiDrDy6erMYWqNw4LPdQ8UQA4huuxaQsVeRPFl2oM8oDGxMFhJUWZf9McpLtJasDDZb/Bpeg==

"@jridgewell/trace-mapping@^0.3.9":
  version "0.3.22"
  resolved "https://registry.npmmirror.com/@jridgewell/trace-mapping/-/trace-mapping-0.3.22.tgz#72a621e5de59f5f1ef792d0793a82ee20f645e4c"
  integrity sha512-Wf963MzWtA2sjrNt+g18IAln9lKnlRp+K2eH4jjIoF1wYeq3aMREpG09xhlhdzS0EjwU7qmUJYangWa+151vZw==
  dependencies:
    "@jridgewell/resolve-uri" "^3.1.0"
    "@jridgewell/sourcemap-codec" "^1.4.14"

"@rollup/plugin-alias@^5.1.0":
  version "5.1.0"
  resolved "https://registry.npmmirror.com/@rollup/plugin-alias/-/plugin-alias-5.1.0.tgz#99a94accc4ff9a3483be5baeedd5d7da3b597e93"
  integrity sha512-lpA3RZ9PdIG7qqhEfv79tBffNaoDuukFDrmhLqg9ifv99u/ehn+lOg30x2zmhf8AQqQUZaMk/B9fZraQ6/acDQ==
  dependencies:
    slash "^4.0.0"

"@rollup/plugin-json@^6.1.0":
  version "6.1.0"
  resolved "https://registry.npmmirror.com/@rollup/plugin-json/-/plugin-json-6.1.0.tgz#fbe784e29682e9bb6dee28ea75a1a83702e7b805"
  integrity sha512-EGI2te5ENk1coGeADSIwZ7G2Q8CJS2sF120T7jLw4xFw9n7wIOXHo+kIYRAoVpJAN+kmqZSoO3Fp4JtoNF4ReA==
  dependencies:
    "@rollup/pluginutils" "^5.1.0"

"@rollup/plugin-node-resolve@^15.2.3":
  version "15.2.3"
  resolved "https://registry.npmmirror.com/@rollup/plugin-node-resolve/-/plugin-node-resolve-15.2.3.tgz#e5e0b059bd85ca57489492f295ce88c2d4b0daf9"
  integrity sha512-j/lym8nf5E21LwBT4Df1VD6hRO2L2iwUeUmP7litikRsVp1H6NWx20NEp0Y7su+7XGc476GnXXc4kFeZNGmaSQ==
  dependencies:
    "@rollup/pluginutils" "^5.0.1"
    "@types/resolve" "1.20.2"
    deepmerge "^4.2.2"
    is-builtin-module "^3.2.1"
    is-module "^1.0.0"
    resolve "^1.22.1"

"@rollup/plugin-typescript@^11.1.6":
  version "11.1.6"
  resolved "https://registry.npmmirror.com/@rollup/plugin-typescript/-/plugin-typescript-11.1.6.tgz#724237d5ec12609ec01429f619d2a3e7d4d1b22b"
  integrity sha512-R92yOmIACgYdJ7dJ97p4K69I8gg6IEHt8M7dUBxN3W6nrO8uUxX5ixl0yU/N3aZTi8WhPuICvOHXQvF6FaykAA==
  dependencies:
    "@rollup/pluginutils" "^5.1.0"
    resolve "^1.22.1"

"@rollup/pluginutils@^5.0.1", "@rollup/pluginutils@^5.1.0":
  version "5.1.0"
  resolved "https://registry.npmmirror.com/@rollup/pluginutils/-/pluginutils-5.1.0.tgz#7e53eddc8c7f483a4ad0b94afb1f7f5fd3c771e0"
  integrity sha512-XTIWOPPcpvyKI6L1NHo0lFlCyznUEyPmPY1mc3KpPVDYulHSTvyeLNVW00QTLIAFNhR3kYnJTQHeGqU4M3n09g==
  dependencies:
    "@types/estree" "^1.0.0"
    estree-walker "^2.0.2"
    picomatch "^2.3.1"

"@rollup/rollup-android-arm-eabi@4.9.6":
  version "4.9.6"
  resolved "https://registry.npmmirror.com/@rollup/rollup-android-arm-eabi/-/rollup-android-arm-eabi-4.9.6.tgz#66b8d9cb2b3a474d115500f9ebaf43e2126fe496"
  integrity sha512-MVNXSSYN6QXOulbHpLMKYi60ppyO13W9my1qogeiAqtjb2yR4LSmfU2+POvDkLzhjYLXz9Rf9+9a3zFHW1Lecg==

"@rollup/rollup-android-arm64@4.9.6":
  version "4.9.6"
  resolved "https://registry.npmmirror.com/@rollup/rollup-android-arm64/-/rollup-android-arm64-4.9.6.tgz#46327d5b86420d2307946bec1535fdf00356e47d"
  integrity sha512-T14aNLpqJ5wzKNf5jEDpv5zgyIqcpn1MlwCrUXLrwoADr2RkWA0vOWP4XxbO9aiO3dvMCQICZdKeDrFl7UMClw==

"@rollup/rollup-darwin-arm64@4.9.6":
  version "4.9.6"
  resolved "https://registry.npmmirror.com/@rollup/rollup-darwin-arm64/-/rollup-darwin-arm64-4.9.6.tgz#166987224d2f8b1e2fd28ee90c447d52271d5e90"
  integrity sha512-CqNNAyhRkTbo8VVZ5R85X73H3R5NX9ONnKbXuHisGWC0qRbTTxnF1U4V9NafzJbgGM0sHZpdO83pLPzq8uOZFw==

"@rollup/rollup-darwin-x64@4.9.6":
  version "4.9.6"
  resolved "https://registry.npmmirror.com/@rollup/rollup-darwin-x64/-/rollup-darwin-x64-4.9.6.tgz#a2e6e096f74ccea6e2f174454c26aef6bcdd1274"
  integrity sha512-zRDtdJuRvA1dc9Mp6BWYqAsU5oeLixdfUvkTHuiYOHwqYuQ4YgSmi6+/lPvSsqc/I0Omw3DdICx4Tfacdzmhog==

"@rollup/rollup-linux-arm-gnueabihf@4.9.6":
  version "4.9.6"
  resolved "https://registry.npmmirror.com/@rollup/rollup-linux-arm-gnueabihf/-/rollup-linux-arm-gnueabihf-4.9.6.tgz#09fcd4c55a2d6160c5865fec708a8e5287f30515"
  integrity sha512-oNk8YXDDnNyG4qlNb6is1ojTOGL/tRhbbKeE/YuccItzerEZT68Z9gHrY3ROh7axDc974+zYAPxK5SH0j/G+QQ==

"@rollup/rollup-linux-arm64-gnu@4.9.6":
  version "4.9.6"
  resolved "https://registry.npmmirror.com/@rollup/rollup-linux-arm64-gnu/-/rollup-linux-arm64-gnu-4.9.6.tgz#19a3c0b6315c747ca9acf86e9b710cc2440f83c9"
  integrity sha512-Z3O60yxPtuCYobrtzjo0wlmvDdx2qZfeAWTyfOjEDqd08kthDKexLpV97KfAeUXPosENKd8uyJMRDfFMxcYkDQ==

"@rollup/rollup-linux-arm64-musl@4.9.6":
  version "4.9.6"
  resolved "https://registry.npmmirror.com/@rollup/rollup-linux-arm64-musl/-/rollup-linux-arm64-musl-4.9.6.tgz#94aaf95fdaf2ad9335983a4552759f98e6b2e850"
  integrity sha512-gpiG0qQJNdYEVad+1iAsGAbgAnZ8j07FapmnIAQgODKcOTjLEWM9sRb+MbQyVsYCnA0Im6M6QIq6ax7liws6eQ==

"@rollup/rollup-linux-riscv64-gnu@4.9.6":
  version "4.9.6"
  resolved "https://registry.npmmirror.com/@rollup/rollup-linux-riscv64-gnu/-/rollup-linux-riscv64-gnu-4.9.6.tgz#160510e63f4b12618af4013bddf1761cf9fc9880"
  integrity sha512-+uCOcvVmFUYvVDr27aiyun9WgZk0tXe7ThuzoUTAukZJOwS5MrGbmSlNOhx1j80GdpqbOty05XqSl5w4dQvcOA==

"@rollup/rollup-linux-x64-gnu@4.9.6":
  version "4.9.6"
  resolved "https://registry.npmmirror.com/@rollup/rollup-linux-x64-gnu/-/rollup-linux-x64-gnu-4.9.6.tgz#5ac5d068ce0726bd0a96ca260d5bd93721c0cb98"
  integrity sha512-HUNqM32dGzfBKuaDUBqFB7tP6VMN74eLZ33Q9Y1TBqRDn+qDonkAUyKWwF9BR9unV7QUzffLnz9GrnKvMqC/fw==

"@rollup/rollup-linux-x64-musl@4.9.6":
  version "4.9.6"
  resolved "https://registry.npmmirror.com/@rollup/rollup-linux-x64-musl/-/rollup-linux-x64-musl-4.9.6.tgz#bafa759ab43e8eab9edf242a8259ffb4f2a57a5d"
  integrity sha512-ch7M+9Tr5R4FK40FHQk8VnML0Szi2KRujUgHXd/HjuH9ifH72GUmw6lStZBo3c3GB82vHa0ZoUfjfcM7JiiMrQ==

"@rollup/rollup-win32-arm64-msvc@4.9.6":
  version "4.9.6"
  resolved "https://registry.npmmirror.com/@rollup/rollup-win32-arm64-msvc/-/rollup-win32-arm64-msvc-4.9.6.tgz#1cc3416682e5a20d8f088f26657e6e47f8db468e"
  integrity sha512-VD6qnR99dhmTQ1mJhIzXsRcTBvTjbfbGGwKAHcu+52cVl15AC/kplkhxzW/uT0Xl62Y/meBKDZvoJSJN+vTeGA==

"@rollup/rollup-win32-ia32-msvc@4.9.6":
  version "4.9.6"
  resolved "https://registry.npmmirror.com/@rollup/rollup-win32-ia32-msvc/-/rollup-win32-ia32-msvc-4.9.6.tgz#7d2251e1aa5e8a1e47c86891fe4547a939503461"
  integrity sha512-J9AFDq/xiRI58eR2NIDfyVmTYGyIZmRcvcAoJ48oDld/NTR8wyiPUu2X/v1navJ+N/FGg68LEbX3Ejd6l8B7MQ==

"@rollup/rollup-win32-x64-msvc@4.9.6":
  version "4.9.6"
  resolved "https://registry.npmmirror.com/@rollup/rollup-win32-x64-msvc/-/rollup-win32-x64-msvc-4.9.6.tgz#2c1fb69e02a3f1506f52698cfdc3a8b6386df9a6"
  integrity sha512-jqzNLhNDvIZOrt69Ce4UjGRpXJBzhUBzawMwnaDAwyHriki3XollsewxWzOzz+4yOFDkuJHtTsZFwMxhYJWmLQ==

"@types/estree@1.0.5", "@types/estree@^1.0.0":
  version "1.0.5"
  resolved "https://registry.npmmirror.com/@types/estree/-/estree-1.0.5.tgz#a6ce3e556e00fd9895dd872dd172ad0d4bd687f4"
  integrity sha512-/kYRxGDLWzHOB7q+wtSUQlFrtcdUccpfy+X+9iMBpHK8QLLhx2wIPYuS5DYtR9Wa/YlZAbIovy7qVdB1Aq6Lyw==

"@types/node@*":
  version "20.11.16"
  resolved "https://registry.npmmirror.com/@types/node/-/node-20.11.16.tgz#4411f79411514eb8e2926f036c86c9f0e4ec6708"
  integrity sha512-gKb0enTmRCzXSSUJDq6/sPcqrfCv2mkkG6Jt/clpn5eiCbKTY+SgZUxo+p8ZKMof5dCp9vHQUAB7wOUTod22wQ==
  dependencies:
    undici-types "~5.26.4"

"@types/resolve@1.20.2":
  version "1.20.2"
  resolved "https://registry.npmmirror.com/@types/resolve/-/resolve-1.20.2.tgz#97d26e00cd4a0423b4af620abecf3e6f442b7975"
  integrity sha512-60BCwRFOZCQhDncwQdxxeOEEkbc5dIMccYLwbxsS4TUNeVECQ/pBJ0j09mrHOl/JJvpRPGwO9SvE4nR2Nb/a4Q==

acorn@^8.8.2:
  version "8.11.3"
  resolved "https://registry.npmmirror.com/acorn/-/acorn-8.11.3.tgz#71e0b14e13a4ec160724b38fb7b0f233b1b81d7a"
  integrity sha512-Y9rRfJG5jcKOE0CLisYbojUjIrIEE7AGMzA/Sm4BslANhbS+cDMpgBdcPT91oJ7OuJ9hYJBx59RjbhxVnrF8Xg==

ansi-styles@^3.2.1:
  version "3.2.1"
  resolved "https://registry.npmmirror.com/ansi-styles/-/ansi-styles-3.2.1.tgz#41fbb20243e50b12be0f04b8dedbf07520ce841d"
  integrity sha512-VT0ZI6kZRdTh8YyJw3SMbYm/u+NqfsAxEpWO0Pf9sq8/e94WxxOpPKx9FR1FlyCtOVDNOQ+8ntlqFxiRc+r5qA==
  dependencies:
    color-convert "^1.9.0"

buffer-from@^1.0.0:
  version "1.1.2"
  resolved "https://registry.npmmirror.com/buffer-from/-/buffer-from-1.1.2.tgz#2b146a6fd72e80b4f55d255f35ed59a3a9a41bd5"
  integrity sha512-E+XQCRwSbaaiChtv6k6Dwgc+bx+Bs6vuKJHHl5kox/BaKbhiXzqQOwK4cO22yElGp2OCmjwVhT3HmxgyPGnJfQ==

builtin-modules@^3.3.0:
  version "3.3.0"
  resolved "https://registry.npmmirror.com/builtin-modules/-/builtin-modules-3.3.0.tgz#cae62812b89801e9656336e46223e030386be7b6"
  integrity sha512-zhaCDicdLuWN5UbN5IMnFqNMhNfo919sH85y2/ea+5Yg9TsTkeZxpL+JLbp6cgYFS4sRLp3YV4S6yDuqVWHYOw==

chalk@^2.4.2:
  version "2.4.2"
  resolved "https://registry.npmmirror.com/chalk/-/chalk-2.4.2.tgz#cd42541677a54333cf541a49108c1432b44c9424"
  integrity sha512-Mti+f9lpJNcwF4tWV8/OrTTtF1gZi+f8FqlyAdouralcFWFQWF2+NgCHShjkCb+IFBLq9buZwE1xckQU4peSuQ==
  dependencies:
    ansi-styles "^3.2.1"
    escape-string-regexp "^1.0.5"
    supports-color "^5.3.0"

color-convert@^1.9.0:
  version "1.9.3"
  resolved "https://registry.npmmirror.com/color-convert/-/color-convert-1.9.3.tgz#bb71850690e1f136567de629d2d5471deda4c1e8"
  integrity sha512-QfAUtd+vFdAtFQcC8CCyYt1fYWxSqAiK2cSD6zDB8N3cpsEBAvRxp9zOGg6G/SHHJYAT88/az/IuDGALsNVbGg==
  dependencies:
    color-name "1.1.3"

color-name@1.1.3:
  version "1.1.3"
  resolved "https://registry.npmmirror.com/color-name/-/color-name-1.1.3.tgz#a7d0558bd89c42f795dd42328f740831ca53bc25"
  integrity sha512-72fSenhMw2HZMTVHeCA9KCmpEIbzWiQsjN+BHcBbS9vr1mtt+vJjPdksIBNUmKAW8TFUDPJK5SUU3QhE9NEXDw==

commander@^2.20.0:
  version "2.20.3"
  resolved "https://registry.npmmirror.com/commander/-/commander-2.20.3.tgz#fd485e84c03eb4881c20722ba48035e8531aeb33"
  integrity sha512-GpVkmM8vF2vQUkj2LvZmD35JxeJOLCwJ9cUkugyk2nuhbv3+mJvpLYYt+0+USMxE+oj+ey/lJEnhZw75x/OMcQ==

deepmerge@^4.2.2:
  version "4.3.1"
  resolved "https://registry.npmmirror.com/deepmerge/-/deepmerge-4.3.1.tgz#44b5f2147cd3b00d4b56137685966f26fd25dd4a"
  integrity sha512-3sUqbMEc77XqpdNO7FRyRog+eW3ph+GYCbj+rK+uYyRMuwsVy0rMiVtPn+QJlKFvWP/1PYpapqYn0Me2knFn+A==

escape-string-regexp@^1.0.5:
  version "1.0.5"
  resolved "https://registry.npmmirror.com/escape-string-regexp/-/escape-string-regexp-1.0.5.tgz#1b61c0562190a8dff6ae3bb2cf0200ca130b86d4"
  integrity sha512-vbRorB5FUQWvla16U8R/qgaFIya2qGzwDrNmCZuYKrbdSUMG6I1ZCGQRefkRVhuOkIGVne7BQ35DSfo1qvJqFg==

estree-walker@^2.0.2:
  version "2.0.2"
  resolved "https://registry.npmmirror.com/estree-walker/-/estree-walker-2.0.2.tgz#52f010178c2a4c117a7757cfe942adb7d2da4cac"
  integrity sha512-Rfkk/Mp/DL7JVje3u18FxFujQlTNR2q6QfMSMB7AvCBx91NGj/ba3kCfza0f6dVDbw7YlRf/nDrn7pQrCCyQ/w==

fsevents@~2.3.2:
  version "2.3.3"
  resolved "https://registry.npmmirror.com/fsevents/-/fsevents-2.3.3.tgz#cac6407785d03675a2a5e1a5305c697b347d90d6"
  integrity sha512-5xoDfX+fL7faATnagmWPpbFtwh/R77WmMMqqHGS65C3vvB0YHrgF+B1YmZ3441tMj5n63k0212XNoJwzlhffQw==

function-bind@^1.1.2:
  version "1.1.2"
  resolved "https://registry.npmmirror.com/function-bind/-/function-bind-1.1.2.tgz#2c02d864d97f3ea6c8830c464cbd11ab6eab7a1c"
  integrity sha512-7XHNxH7qX9xG5mIwxkhumTox/MIRNcOgDrxWsMt2pAr23WHp6MrRlN7FBSFpCpr+oVO0F744iUgR82nJMfG2SA==

has-flag@^3.0.0:
  version "3.0.0"
  resolved "https://registry.npmmirror.com/has-flag/-/has-flag-3.0.0.tgz#b5d454dc2199ae225699f3467e5a07f3b955bafd"
  integrity sha512-sKJf1+ceQBr4SMkvQnBDNDtf4TXpVhVGateu0t918bl30FnbE2m4vNLX+VWe/dpjlb+HugGYzW7uQXH98HPEYw==

has-flag@^4.0.0:
  version "4.0.0"
  resolved "https://registry.npmmirror.com/has-flag/-/has-flag-4.0.0.tgz#944771fd9c81c81265c4d6941860da06bb59479b"
  integrity sha512-EykJT/Q1KjTWctppgIAgfSO0tKVuZUjhgMr17kqTumMl6Afv3EISleU7qZUzoXDFTAHTDC4NOoG/ZxU3EvlMPQ==

hasown@^2.0.0:
  version "2.0.0"
  resolved "https://registry.npmmirror.com/hasown/-/hasown-2.0.0.tgz#f4c513d454a57b7c7e1650778de226b11700546c"
  integrity sha512-vUptKVTpIJhcczKBbgnS+RtcuYMB8+oNzPK2/Hp3hanz8JmpATdmmgLgSaadVREkDm+e2giHwY3ZRkyjSIDDFA==
  dependencies:
    function-bind "^1.1.2"

is-builtin-module@^3.2.1:
  version "3.2.1"
  resolved "https://registry.npmmirror.com/is-builtin-module/-/is-builtin-module-3.2.1.tgz#f03271717d8654cfcaf07ab0463faa3571581169"
  integrity sha512-BSLE3HnV2syZ0FK0iMA/yUGplUeMmNz4AW5fnTunbCIqZi4vG3WjJT9FHMy5D69xmAYBHXQhJdALdpwVxV501A==
  dependencies:
    builtin-modules "^3.3.0"

is-core-module@^2.13.0:
  version "2.13.1"
  resolved "https://registry.npmmirror.com/is-core-module/-/is-core-module-2.13.1.tgz#ad0d7532c6fea9da1ebdc82742d74525c6273384"
  integrity sha512-hHrIjvZsftOsvKSn2TRYl63zvxsgE0K+0mYMoH6gD4omR5IWB2KynivBQczo3+wF1cCkjzvptnI9Q0sPU66ilw==
  dependencies:
    hasown "^2.0.0"

is-module@^1.0.0:
  version "1.0.0"
  resolved "https://registry.npmmirror.com/is-module/-/is-module-1.0.0.tgz#3258fb69f78c14d5b815d664336b4cffb6441591"
  integrity sha512-51ypPSPCoTEIN9dy5Oy+h4pShgJmPCygKfyRCISBI+JoWT/2oJvK8QPxmwv7b/p239jXrm9M1mlQbyKJ5A152g==

jest-worker@^26.2.1:
  version "26.6.2"
  resolved "https://registry.npmmirror.com/jest-worker/-/jest-worker-26.6.2.tgz#7f72cbc4d643c365e27b9fd775f9d0eaa9c7a8ed"
  integrity sha512-KWYVV1c4i+jbMpaBC+U++4Va0cp8OisU185o73T1vo99hqi7w8tSJfUXYswwqqrjzwxa6KpRK54WhPvwf5w6PQ==
  dependencies:
    "@types/node" "*"
    merge-stream "^2.0.0"
    supports-color "^7.0.0"

js-tokens@^4.0.0:
  version "4.0.0"
  resolved "https://registry.npmmirror.com/js-tokens/-/js-tokens-4.0.0.tgz#19203fb59991df98e3a287050d4647cdeaf32499"
  integrity sha512-RdJUflcE3cUzKiMqQgsCu06FPu9UdIJO0beYbPhHN4k6apgJtifcoCtT9bcxOpYBtpD2kCM6Sbzg4CausW/PKQ==

merge-stream@^2.0.0:
  version "2.0.0"
  resolved "https://registry.npmmirror.com/merge-stream/-/merge-stream-2.0.0.tgz#52823629a14dd00c9770fb6ad47dc6310f2c1f60"
  integrity sha512-abv/qOcuPfk3URPfDzmZU1LKmuw8kT+0nIHvKrKgFrwifol/doWcdA4ZqsWQ8ENrFKkd67Mfpo/LovbIUsbt3w==

path-parse@^1.0.7:
  version "1.0.7"
  resolved "https://registry.npmmirror.com/path-parse/-/path-parse-1.0.7.tgz#fbc114b60ca42b30d9daf5858e4bd68bbedb6735"
  integrity sha512-LDJzPVEEEPR+y48z93A0Ed0yXb8pAByGWo/k5YYdYgpY2/2EsOsksJrq7lOHxryrVOn1ejG6oAp8ahvOIQD8sw==

picomatch@^2.3.1:
  version "2.3.1"
  resolved "https://registry.npmmirror.com/picomatch/-/picomatch-2.3.1.tgz#3ba3833733646d9d3e4995946c1365a67fb07a42"
  integrity sha512-JU3teHTNjmE2VCGFzuY8EXzCDVwEqB2a8fsIvwaStHhAWJEeVd1o1QD80CU6+ZdEXXSLbSsuLwJjkCBWqRQUVA==

randombytes@^2.1.0:
  version "2.1.0"
  resolved "https://registry.npmmirror.com/randombytes/-/randombytes-2.1.0.tgz#df6f84372f0270dc65cdf6291349ab7a473d4f2a"
  integrity sha512-vYl3iOX+4CKUWuxGi9Ukhie6fsqXqS9FE2Zaic4tNFD2N2QQaXOMFbuKK4QmDHC0JO6B1Zp41J0LpT0oR68amQ==
  dependencies:
    safe-buffer "^5.1.0"

resolve@^1.22.1:
  version "1.22.8"
  resolved "https://registry.npmmirror.com/resolve/-/resolve-1.22.8.tgz#b6c87a9f2aa06dfab52e3d70ac8cde321fa5a48d"
  integrity sha512-oKWePCxqpd6FlLvGV1VU0x7bkPmmCNolxzjMf4NczoDnQcIWrAF+cPtZn5i6n+RfD2d9i0tzpKnG6Yk168yIyw==
  dependencies:
    is-core-module "^2.13.0"
    path-parse "^1.0.7"
    supports-preserve-symlinks-flag "^1.0.0"

rollup-plugin-terser@^7.0.2:
  version "7.0.2"
  resolved "https://registry.npmmirror.com/rollup-plugin-terser/-/rollup-plugin-terser-7.0.2.tgz#e8fbba4869981b2dc35ae7e8a502d5c6c04d324d"
  integrity sha512-w3iIaU4OxcF52UUXiZNsNeuXIMDvFrr+ZXK6bFZ0Q60qyVfq4uLptoS4bbq3paG3x216eQllFZX7zt6TIImguQ==
  dependencies:
    "@babel/code-frame" "^7.10.4"
    jest-worker "^26.2.1"
    serialize-javascript "^4.0.0"
    terser "^5.0.0"

rollup@^4.9.6:
  version "4.9.6"
  resolved "https://registry.npmmirror.com/rollup/-/rollup-4.9.6.tgz#4515facb0318ecca254a2ee1315e22e09efc50a0"
  integrity sha512-05lzkCS2uASX0CiLFybYfVkwNbKZG5NFQ6Go0VWyogFTXXbR039UVsegViTntkk4OglHBdF54ccApXRRuXRbsg==
  dependencies:
    "@types/estree" "1.0.5"
  optionalDependencies:
    "@rollup/rollup-android-arm-eabi" "4.9.6"
    "@rollup/rollup-android-arm64" "4.9.6"
    "@rollup/rollup-darwin-arm64" "4.9.6"
    "@rollup/rollup-darwin-x64" "4.9.6"
    "@rollup/rollup-linux-arm-gnueabihf" "4.9.6"
    "@rollup/rollup-linux-arm64-gnu" "4.9.6"
    "@rollup/rollup-linux-arm64-musl" "4.9.6"
    "@rollup/rollup-linux-riscv64-gnu" "4.9.6"
    "@rollup/rollup-linux-x64-gnu" "4.9.6"
    "@rollup/rollup-linux-x64-musl" "4.9.6"
    "@rollup/rollup-win32-arm64-msvc" "4.9.6"
    "@rollup/rollup-win32-ia32-msvc" "4.9.6"
    "@rollup/rollup-win32-x64-msvc" "4.9.6"
    fsevents "~2.3.2"

safe-buffer@^5.1.0:
  version "5.2.1"
  resolved "https://registry.npmmirror.com/safe-buffer/-/safe-buffer-5.2.1.tgz#1eaf9fa9bdb1fdd4ec75f58f9cdb4e6b7827eec6"
  integrity sha512-rp3So07KcdmmKbGvgaNxQSJr7bGVSVk5S9Eq1F+ppbRo70+YeaDxkw5Dd8NPN+GD6bjnYm2VuPuCXmpuYvmCXQ==

serialize-javascript@^4.0.0:
  version "4.0.0"
  resolved "https://registry.npmmirror.com/serialize-javascript/-/serialize-javascript-4.0.0.tgz#b525e1238489a5ecfc42afacc3fe99e666f4b1aa"
  integrity sha512-GaNA54380uFefWghODBWEGisLZFj00nS5ACs6yHa9nLqlLpVLO8ChDGeKRjZnV4Nh4n0Qi7nhYZD/9fCPzEqkw==
  dependencies:
    randombytes "^2.1.0"

slash@^4.0.0:
  version "4.0.0"
  resolved "https://registry.npmmirror.com/slash/-/slash-4.0.0.tgz#2422372176c4c6c5addb5e2ada885af984b396a7"
  integrity sha512-3dOsAHXXUkQTpOYcoAxLIorMTp4gIQr5IW3iVb7A7lFIp0VHhnynm9izx6TssdrIcVIESAlVjtnO2K8bg+Coew==

source-map-support@~0.5.20:
  version "0.5.21"
  resolved "https://registry.npmmirror.com/source-map-support/-/source-map-support-0.5.21.tgz#04fe7c7f9e1ed2d662233c28cb2b35b9f63f6e4f"
  integrity sha512-uBHU3L3czsIyYXKX88fdrGovxdSCoTGDRZ6SYXtSRxLZUzHg5P/66Ht6uoUlHu9EZod+inXhKo3qQgwXUT/y1w==
  dependencies:
    buffer-from "^1.0.0"
    source-map "^0.6.0"

source-map@^0.6.0:
  version "0.6.1"
  resolved "https://registry.npmmirror.com/source-map/-/source-map-0.6.1.tgz#74722af32e9614e9c287a8d0bbde48b5e2f1a263"
  integrity sha512-UjgapumWlbMhkBgzT7Ykc5YXUT46F0iKu8SGXq0bcwP5dz/h0Plj6enJqjz1Zbq2l5WaqYnrVbwWOWMyF3F47g==

supports-color@^5.3.0:
  version "5.5.0"
  resolved "https://registry.npmmirror.com/supports-color/-/supports-color-5.5.0.tgz#e2e69a44ac8772f78a1ec0b35b689df6530efc8f"
  integrity sha512-QjVjwdXIt408MIiAqCX4oUKsgU2EqAGzs2Ppkm4aQYbjm+ZEWEcW4SfFNTr4uMNZma0ey4f5lgLrkB0aX0QMow==
  dependencies:
    has-flag "^3.0.0"

supports-color@^7.0.0:
  version "7.2.0"
  resolved "https://registry.npmmirror.com/supports-color/-/supports-color-7.2.0.tgz#1b7dcdcb32b8138801b3e478ba6a51caa89648da"
  integrity sha512-qpCAvRl9stuOHveKsn7HncJRvv501qIacKzQlO/+Lwxc9+0q2wLyv4Dfvt80/DPn2pqOBsJdDiogXGR9+OvwRw==
  dependencies:
    has-flag "^4.0.0"

supports-preserve-symlinks-flag@^1.0.0:
  version "1.0.0"
  resolved "https://registry.npmmirror.com/supports-preserve-symlinks-flag/-/supports-preserve-symlinks-flag-1.0.0.tgz#6eda4bd344a3c94aea376d4cc31bc77311039e09"
  integrity sha512-ot0WnXS9fgdkgIcePe6RHNk1WA8+muPa6cSjeR3V8K27q9BB1rTE3R1p7Hv0z1ZyAc8s6Vvv8DIyWf681MAt0w==

terser@^5.0.0:
  version "5.27.0"
  resolved "https://registry.npmmirror.com/terser/-/terser-5.27.0.tgz#70108689d9ab25fef61c4e93e808e9fd092bf20c"
  integrity sha512-bi1HRwVRskAjheeYl291n3JC4GgO/Ty4z1nVs5AAsmonJulGxpSektecnNedrwK9C7vpvVtcX3cw00VSLt7U2A==
  dependencies:
    "@jridgewell/source-map" "^0.3.3"
    acorn "^8.8.2"
    commander "^2.20.0"
    source-map-support "~0.5.20"

tslib@^2.6.2:
  version "2.6.2"
  resolved "https://registry.npmmirror.com/tslib/-/tslib-2.6.2.tgz#703ac29425e7b37cd6fd456e92404d46d1f3e4ae"
  integrity sha512-AEYxH93jGFPn/a2iVAwW87VuUIkR1FVUKB77NwMF7nBTDkDrrT/Hpt/IrCJ0QXhW27jTBDcf5ZY7w6RiqTMw2Q==

typescript@^5.3.3:
  version "5.3.3"
  resolved "https://registry.npmmirror.com/typescript/-/typescript-5.3.3.tgz#b3ce6ba258e72e6305ba66f5c9b452aaee3ffe37"
  integrity sha512-pXWcraxM0uxAS+tN0AG/BF2TyqmHO014Z070UsJ+pFvYuRSq8KH8DmWpnbXe0pEPDHXZV3FcAbJkijJ5oNEnWw==

undici-types@~5.26.4:
  version "5.26.5"
  resolved "https://registry.npmmirror.com/undici-types/-/undici-types-5.26.5.tgz#bcd539893d00b56e964fd2657a4866b221a65617"
  integrity sha512-JlCMO+ehdEIKqlFxk6IfVoAUVmgz7cU7zD/h9XZ0qzeosSHmUJVOzSQvvYSYWXkFXC+IfLKSIffhv0sVZup6pA==
